
Microsoft Visual Studio Solution File, Format Version 12.00
# Visual Studio 15
VisualStudioVersion = 15.0.28307.572
MinimumVisualStudioVersion = 10.0.40219.1
Project("{2150E333-8FDC-42A3-9474-1A3956D46DE8}") = "DataAccess", "DataAccess", "{970D98EC-29A6-4E75-802F-2F1C5ECBDD3A}"
EndProject
Project("{9A19103F-16F7-4668-BE54-9A1E7A4F7556}") = "DataAccess.Sql", "DataAccess.Sql\DataAccess.Sql.csproj", "{05AC642D-2CA8-40EB-83A2-BAF071F2A800}"
EndProject
Project("{9A19103F-16F7-4668-BE54-9A1E7A4F7556}") = "DataAccess.Models", "DataAccess.Models\DataAccess.Models.csproj", "{B73E5848-3B34-4C61-AA08-DFB6FC48B17D}"
EndProject
Project("{2150E333-8FDC-42A3-9474-1A3956D46DE8}") = "BusinessLogic", "BusinessLogic", "{298B8B93-8D67-48DF-B17F-7DEE8CCBCF98}"
EndProject
Project("{9A19103F-16F7-4668-BE54-9A1E7A4F7556}") = "Interfaces.Sql", "Interfaces.Sql\Interfaces.Sql.csproj", "{76718B69-AB35-4140-8C05-CDED882099B2}"
EndProject
Project("{9A19103F-16F7-4668-BE54-9A1E7A4F7556}") = "Models.Sql", "Models.Sql\Models.Sql.csproj", "{37140317-DB46-41B9-A828-59259432F91D}"
EndProject
Project("{9A19103F-16F7-4668-BE54-9A1E7A4F7556}") = "Services.Sql", "Services.Sql\Services.Sql.csproj", "{929AF8BF-A26A-4BC3-92CD-AEE33DB38242}"
EndProject
Project("{2150E333-8FDC-42A3-9474-1A3956D46DE8}") = "Api", "Api", "{33FF569B-6123-4EB2-972E-41D792D1E208}"
EndProject
Project("{9A19103F-16F7-4668-BE54-9A1E7A4F7556}") = "Web.Api", "Web.Api\Web.Api.csproj", "{1FA0FC36-F116-4C25-BC85-7BA111ADC1B0}"
EndProject
Project("{2150E333-8FDC-42A3-9474-1A3956D46DE8}") = "WebApp", "WebApp", "{236FF5DE-5754-4E7A-B60C-7DE414265ACB}"
EndProject
Project("{2150E333-8FDC-42A3-9474-1A3956D46DE8}") = "DesktopApp", "DesktopApp", "{36AAD9F4-4F30-48CD-8A03-5260C241FB20}"
EndProject
Project("{2150E333-8FDC-42A3-9474-1A3956D46DE8}") = "MobileApp", "MobileApp", "{CD092678-492F-4CDB-B486-97C2ECD14DD7}"
EndProject
Project("{2150E333-8FDC-42A3-9474-1A3956D46DE8}") = "WebApi", "WebApi", "{5AFE3602-7F44-46D7-A19A-A167E8F1C08A}"
EndProject
Project("{FAE04EC0-301F-11D3-BF4B-00C04F79EFBC}") = "Desktop.App", "Desktop.App\Desktop.App.csproj", "{9EFEC14D-3A48-4E8F-9D64-9D954E67DB84}"
EndProject
Global
	GlobalSection(SolutionConfigurationPlatforms) = preSolution
		Debug|Any CPU = Debug|Any CPU
		Release|Any CPU = Release|Any CPU
	EndGlobalSection
	GlobalSection(ProjectConfigurationPlatforms) = postSolution
		{05AC642D-2CA8-40EB-83A2-BAF071F2A800}.Debug|Any CPU.ActiveCfg = Debug|Any CPU
		{05AC642D-2CA8-40EB-83A2-BAF071F2A800}.Debug|Any CPU.Build.0 = Debug|Any CPU
		{05AC642D-2CA8-40EB-83A2-BAF071F2A800}.Release|Any CPU.ActiveCfg = Release|Any CPU
		{05AC642D-2CA8-40EB-83A2-BAF071F2A800}.Release|Any CPU.Build.0 = Release|Any CPU
		{B73E5848-3B34-4C61-AA08-DFB6FC48B17D}.Debug|Any CPU.ActiveCfg = Debug|Any CPU
		{B73E5848-3B34-4C61-AA08-DFB6FC48B17D}.Debug|Any CPU.Build.0 = Debug|Any CPU
		{B73E5848-3B34-4C61-AA08-DFB6FC48B17D}.Release|Any CPU.ActiveCfg = Release|Any CPU
		{B73E5848-3B34-4C61-AA08-DFB6FC48B17D}.Release|Any CPU.Build.0 = Release|Any CPU
		{76718B69-AB35-4140-8C05-CDED882099B2}.Debug|Any CPU.ActiveCfg = Debug|Any CPU
		{76718B69-AB35-4140-8C05-CDED882099B2}.Debug|Any CPU.Build.0 = Debug|Any CPU
		{76718B69-AB35-4140-8C05-CDED882099B2}.Release|Any CPU.ActiveCfg = Release|Any CPU
		{76718B69-AB35-4140-8C05-CDED882099B2}.Release|Any CPU.Build.0 = Release|Any CPU
		{37140317-DB46-41B9-A828-59259432F91D}.Debug|Any CPU.ActiveCfg = Debug|Any CPU
		{37140317-DB46-41B9-A828-59259432F91D}.Debug|Any CPU.Build.0 = Debug|Any CPU
		{37140317-DB46-41B9-A828-59259432F91D}.Release|Any CPU.ActiveCfg = Release|Any CPU
		{37140317-DB46-41B9-A828-59259432F91D}.Release|Any CPU.Build.0 = Release|Any CPU
		{929AF8BF-A26A-4BC3-92CD-AEE33DB38242}.Debug|Any CPU.ActiveCfg = Debug|Any CPU
		{929AF8BF-A26A-4BC3-92CD-AEE33DB38242}.Debug|Any CPU.Build.0 = Debug|Any CPU
		{929AF8BF-A26A-4BC3-92CD-AEE33DB38242}.Release|Any CPU.ActiveCfg = Release|Any CPU
		{929AF8BF-A26A-4BC3-92CD-AEE33DB38242}.Release|Any CPU.Build.0 = Release|Any CPU
		{1FA0FC36-F116-4C25-BC85-7BA111ADC1B0}.Debug|Any CPU.ActiveCfg = Debug|Any CPU
		{1FA0FC36-F116-4C25-BC85-7BA111ADC1B0}.Debug|Any CPU.Build.0 = Debug|Any CPU
		{1FA0FC36-F116-4C25-BC85-7BA111ADC1B0}.Release|Any CPU.ActiveCfg = Release|Any CPU
		{1FA0FC36-F116-4C25-BC85-7BA111ADC1B0}.Release|Any CPU.Build.0 = Release|Any CPU
		{9EFEC14D-3A48-4E8F-9D64-9D954E67DB84}.Debug|Any CPU.ActiveCfg = Debug|Any CPU
		{9EFEC14D-3A48-4E8F-9D64-9D954E67DB84}.Debug|Any CPU.Build.0 = Debug|Any CPU
		{9EFEC14D-3A48-4E8F-9D64-9D954E67DB84}.Release|Any CPU.ActiveCfg = Release|Any CPU
		{9EFEC14D-3A48-4E8F-9D64-9D954E67DB84}.Release|Any CPU.Build.0 = Release|Any CPU
	EndGlobalSection
	GlobalSection(SolutionProperties) = preSolution
		HideSolutionNode = FALSE
	EndGlobalSection
	GlobalSection(NestedProjects) = preSolution
		{970D98EC-29A6-4E75-802F-2F1C5ECBDD3A} = {33FF569B-6123-4EB2-972E-41D792D1E208}
		{05AC642D-2CA8-40EB-83A2-BAF071F2A800} = {970D98EC-29A6-4E75-802F-2F1C5ECBDD3A}
		{B73E5848-3B34-4C61-AA08-DFB6FC48B17D} = {970D98EC-29A6-4E75-802F-2F1C5ECBDD3A}
		{298B8B93-8D67-48DF-B17F-7DEE8CCBCF98} = {33FF569B-6123-4EB2-972E-41D792D1E208}
		{76718B69-AB35-4140-8C05-CDED882099B2} = {298B8B93-8D67-48DF-B17F-7DEE8CCBCF98}
		{37140317-DB46-41B9-A828-59259432F91D} = {298B8B93-8D67-48DF-B17F-7DEE8CCBCF98}
		{929AF8BF-A26A-4BC3-92CD-AEE33DB38242} = {298B8B93-8D67-48DF-B17F-7DEE8CCBCF98}
		{1FA0FC36-F116-4C25-BC85-7BA111ADC1B0} = {5AFE3602-7F44-46D7-A19A-A167E8F1C08A}
		{5AFE3602-7F44-46D7-A19A-A167E8F1C08A} = {33FF569B-6123-4EB2-972E-41D792D1E208}
		{9EFEC14D-3A48-4E8F-9D64-9D954E67DB84} = {36AAD9F4-4F30-48CD-8A03-5260C241FB20}
	EndGlobalSection
	GlobalSection(ExtensibilityGlobals) = postSolution
		SolutionGuid = {88DE9470-C8F0-489B-A8B2-B776F5F904EE}
	EndGlobalSection
EndGlobal
